
Microsoft Visual Studio Solution File, Format Version 12.00
# Visual Studio 15
VisualStudioVersion = 15.0.28307.645
MinimumVisualStudioVersion = 10.0.40219.1
Project("{FAE04EC0-301F-11D3-BF4B-00C04F79EFBC}") = "pst", "pst\pst.csproj", "{08741C40-91D2-4AAC-8AE2-6AB5E714776B}"
EndProject
Project("{FAE04EC0-301F-11D3-BF4B-00C04F79EFBC}") = "pst.tests", "pst.tests\pst.tests.csproj", "{9CF5D576-DF79-4D30-9D57-33D98084F8DB}"
EndProject
Global
	GlobalSection(SolutionConfigurationPlatforms) = preSolution
		Debug|Any CPU = Debug|Any CPU
		Release|Any CPU = Release|Any CPU
	EndGlobalSection
	GlobalSection(ProjectConfigurationPlatforms) = postSolution
		{08741C40-91D2-4AAC-8AE2-6AB5E714776B}.Debug|Any CPU.ActiveCfg = Debug|Any CPU
		{08741C40-91D2-4AAC-8AE2-6AB5E714776B}.Debug|Any CPU.Build.0 = Debug|Any CPU
		{08741C40-91D2-4AAC-8AE2-6AB5E714776B}.Release|Any CPU.ActiveCfg = Release|Any CPU
		{08741C40-91D2-4AAC-8AE2-6AB5E714776B}.Release|Any CPU.Build.0 = Release|Any CPU
		{9CF5D576-DF79-4D30-9D57-33D98084F8DB}.Debug|Any CPU.ActiveCfg = Debug|Any CPU
		{9CF5D576-DF79-4D30-9D57-33D98084F8DB}.Debug|Any CPU.Build.0 = Debug|Any CPU
		{9CF5D576-DF79-4D30-9D57-33D98084F8DB}.Release|Any CPU.ActiveCfg = Release|Any CPU
		{9CF5D576-DF79-4D30-9D57-33D98084F8DB}.Release|Any CPU.Build.0 = Release|Any CPU
	EndGlobalSection
	GlobalSection(SolutionProperties) = preSolution
		HideSolutionNode = FALSE
	EndGlobalSection
	GlobalSection(ExtensibilityGlobals) = postSolution
		SolutionGuid = {A6CFEE26-B9AF-4018-BDA9-8567B8F296AB}
	EndGlobalSection
EndGlobal
